
Microsoft Visual Studio Solution File, Format Version 12.00
# Visual Studio Version 17
VisualStudioVersion = 17.12.35707.178
MinimumVisualStudioVersion = 10.0.40219.1
Project("{FAE04EC0-301F-11D3-BF4B-00C04F79EFBC}") = "Vistas", "Registro_Docente_360\Vistas.csproj", "{F1FDD1F0-2845-4D55-A011-85C7F35566FD}"
EndProject
Project("{FAE04EC0-301F-11D3-BF4B-00C04F79EFBC}") = "Controladores", "Controlador\Controladores.csproj", "{580294CB-F20D-484F-9E4A-933F52C90021}"
EndProject
Project("{FAE04EC0-301F-11D3-BF4B-00C04F79EFBC}") = "Modelos", "Modelos\Modelos.csproj", "{F8EA4E39-1B6D-473C-90C1-35F4ADDA41E4}"
EndProject
Global
	GlobalSection(SolutionConfigurationPlatforms) = preSolution
		Debug|Any CPU = Debug|Any CPU
		Release|Any CPU = Release|Any CPU
	EndGlobalSection
	GlobalSection(ProjectConfigurationPlatforms) = postSolution
		{F1FDD1F0-2845-4D55-A011-85C7F35566FD}.Debug|Any CPU.ActiveCfg = Debug|Any CPU
		{F1FDD1F0-2845-4D55-A011-85C7F35566FD}.Debug|Any CPU.Build.0 = Debug|Any CPU
		{F1FDD1F0-2845-4D55-A011-85C7F35566FD}.Release|Any CPU.ActiveCfg = Release|Any CPU
		{F1FDD1F0-2845-4D55-A011-85C7F35566FD}.Release|Any CPU.Build.0 = Release|Any CPU
		{580294CB-F20D-484F-9E4A-933F52C90021}.Debug|Any CPU.ActiveCfg = Debug|Any CPU
		{580294CB-F20D-484F-9E4A-933F52C90021}.Debug|Any CPU.Build.0 = Debug|Any CPU
		{580294CB-F20D-484F-9E4A-933F52C90021}.Release|Any CPU.ActiveCfg = Release|Any CPU
		{580294CB-F20D-484F-9E4A-933F52C90021}.Release|Any CPU.Build.0 = Release|Any CPU
		{F8EA4E39-1B6D-473C-90C1-35F4ADDA41E4}.Debug|Any CPU.ActiveCfg = Debug|Any CPU
		{F8EA4E39-1B6D-473C-90C1-35F4ADDA41E4}.Debug|Any CPU.Build.0 = Debug|Any CPU
		{F8EA4E39-1B6D-473C-90C1-35F4ADDA41E4}.Release|Any CPU.ActiveCfg = Release|Any CPU
		{F8EA4E39-1B6D-473C-90C1-35F4ADDA41E4}.Release|Any CPU.Build.0 = Release|Any CPU
	EndGlobalSection
	GlobalSection(SolutionProperties) = preSolution
		HideSolutionNode = FALSE
	EndGlobalSection
EndGlobal
